// !$*UTF8*$!
{
	archiveVersion = 1;
	classes = {
	};
	objectVersion = 77;
	objects = {

/* Begin PBXBuildFile section */
		FA8747213011C857002751E3 /* bgmusic.mp3 in Resources */ = {isa = PBXBuildFile; fileRef = FA8747123011C857002751E3 /* bgmusic.mp3 */; };
		FA8747223011C857002751E3 /* wrong 2.mp3 in Resources */ = {isa = PBXBuildFile; fileRef = FA87471B3011C857002751E3 /* wrong 2.mp3 */; };
		FA8747233011C857002751E3 /* swap.mp3 in Resources */ = {isa = PBXBuildFile; fileRef = FA8747173011C857002751E3 /* swap.mp3 */; };
		FA8747243011C857002751E3 /* Assets.xcassets in Resources */ = {isa = PBXBuildFile; fileRef = FA8747113011C857002751E3 /* Assets.xcassets */; };
		FA8747253011C857002751E3 /* wrong.mp3 in Resources */ = {isa = PBXBuildFile; fileRef = FA87471A3011C857002751E3 /* wrong.mp3 */; };
		FA8747263011C857002751E3 /* win.mp3 in Resources */ = {isa = PBXBuildFile; fileRef = FA8747183011C857002751E3 /* win.mp3 */; };
		FA8747273011C857002751E3 /* win 2.mp3 in Resources */ = {isa = PBXBuildFile; fileRef = FA8747193011C857002751E3 /* win 2.mp3 */; };
		FA8747283011C857002751E3 /* collect.mp3 in Resources */ = {isa = PBXBuildFile; fileRef = FA8747133011C857002751E3 /* collect.mp3 */; };
		FA8747293011C857002751E3 /* flip.mp3 in Resources */ = {isa = PBXBuildFile; fileRef = FA8747143011C857002751E3 /* flip.mp3 */; };
		FA87472A3011C857002751E3 /* AppColors.swift in Sources */ = {isa = PBXBuildFile; fileRef = FA8746F33011C857002751E3 /* AppColors.swift */; };
		FA87472B3011C857002751E3 /* PitstopView.swift in Sources */ = {isa = PBXBuildFile; fileRef = FA8747093011C857002751E3 /* PitstopView.swift */; };
		FA87472C3011C857002751E3 /* LoginView.swift in Sources */ = {isa = PBXBuildFile; fileRef = FA8746FB3011C857002751E3 /* LoginView.swift */; };
		FA87472D3011C857002751E3 /* FashionSewingView.swift in Sources */ = {isa = PBXBuildFile; fileRef = FA8747063011C857002751E3 /* FashionSewingView.swift */; };
		FA87472E3011C857002751E3 /* RotateTheRouteView.swift in Sources */ = {isa = PBXBuildFile; fileRef = FA87470B3011C857002751E3 /* RotateTheRouteView.swift */; };
		FA87472F3011C857002751E3 /* VoltQuestView.swift in Sources */ = {isa = PBXBuildFile; fileRef = FA87470D3011C857002751E3 /* VoltQuestView.swift */; };
		FA8747303011C857002751E3 /* SignUpView.swift in Sources */ = {isa = PBXBuildFile; fileRef = FA8747003011C857002751E3 /* SignUpView.swift */; };
		FA8747313011C857002751E3 /* SplashView.swift in Sources */ = {isa = PBXBuildFile; fileRef = FA8747023011C857002751E3 /* SplashView.swift */; };
		FA8747343011C857002751E3 /* AppState.swift in Sources */ = {isa = PBXBuildFile; fileRef = FA8746F73011C857002751E3 /* AppState.swift */; };
		FA8747353011C857002751E3 /* ModulesView.swift in Sources */ = {isa = PBXBuildFile; fileRef = FA8746FD3011C857002751E3 /* ModulesView.swift */; };
		FA8747363011C857002751E3 /* HomeView.swift in Sources */ = {isa = PBXBuildFile; fileRef = FA8746FA3011C857002751E3 /* HomeView.swift */; };
		FA8747373011C857002751E3 /* MainTabView.swift in Sources */ = {isa = PBXBuildFile; fileRef = FA8746FC3011C857002751E3 /* MainTabView.swift */; };
		FA8747383011C857002751E3 /* SettingsView.swift in Sources */ = {isa = PBXBuildFile; fileRef = FA8746FF3011C857002751E3 /* SettingsView.swift */; };
		FA8747393011C857002751E3 /* SkillVocApp.swift in Sources */ = {isa = PBXBuildFile; fileRef = FA8747013011C857002751E3 /* SkillVocApp.swift */; };
		FA87473A3011C857002751E3 /* CulinaryMemoryCardView.swift in Sources */ = {isa = PBXBuildFile; fileRef = FA8747043011C857002751E3 /* CulinaryMemoryCardView.swift */; };
		FA87473B3011C857002751E3 /* GamesView.swift in Sources */ = {isa = PBXBuildFile; fileRef = FA8746F93011C857002751E3 /* GamesView.swift */; };
		FAD4FDA83004A2D9000C5610 /* GoogleService-Info.plist in Resources */ = {isa = PBXBuildFile; fileRef = FAD4FDA73004A2D9000C5610 /* GoogleService-Info.plist */; };
		FAD4FDAB3004A41C000C5610 /* FirebaseAuth in Frameworks */ = {isa = PBXBuildFile; productRef = FAD4FDAA3004A41C000C5610 /* FirebaseAuth */; };
		FAD4FDAD3004A41C000C5610 /* FirebaseFirestore in Frameworks */ = {isa = PBXBuildFile; productRef = FAD4FDAC3004A41C000C5610 /* FirebaseFirestore */; };
/* End PBXBuildFile section */

/* Begin PBXFileReference section */
		FA026B5A2FD6686100936F09 /* SkillVoc.app */ = {isa = PBXFileReference; explicitFileType = wrapper.application; includeInIndex = 0; path = SkillVoc.app; sourceTree = BUILT_PRODUCTS_DIR; };
		FA8746F33011C857002751E3 /* AppColors.swift */ = {isa = PBXFileReference; lastKnownFileType = sourcecode.swift; path = AppColors.swift; sourceTree = "<group>"; };
		FA8746F73011C857002751E3 /* AppState.swift */ = {isa = PBXFileReference; lastKnownFileType = sourcecode.swift; path = AppState.swift; sourceTree = "<group>"; };
		FA8746F93011C857002751E3 /* GamesView.swift */ = {isa = PBXFileReference; lastKnownFileType = sourcecode.swift; path = GamesView.swift; sourceTree = "<group>"; };
		FA8746FA3011C857002751E3 /* HomeView.swift */ = {isa = PBXFileReference; lastKnownFileType = sourcecode.swift; path = HomeView.swift; sourceTree = "<group>"; };
		FA8746FB3011C857002751E3 /* LoginView.swift */ = {isa = PBXFileReference; lastKnownFileType = sourcecode.swift; path = LoginView.swift; sourceTree = "<group>"; };
		FA8746FC3011C857002751E3 /* MainTabView.swift */ = {isa = PBXFileReference; lastKnownFileType = sourcecode.swift; path = MainTabView.swift; sourceTree = "<group>"; };
		FA8746FD3011C857002751E3 /* ModulesView.swift */ = {isa = PBXFileReference; lastKnownFileType = sourcecode.swift; path = ModulesView.swift; sourceTree = "<group>"; };
		FA8746FF3011C857002751E3 /* SettingsView.swift */ = {isa = PBXFileReference; lastKnownFileType = sourcecode.swift; path = SettingsView.swift; sourceTree = "<group>"; };
		FA8747003011C857002751E3 /* SignUpView.swift */ = {isa = PBXFileReference; lastKnownFileType = sourcecode.swift; path = SignUpView.swift; sourceTree = "<group>"; };
		FA8747013011C857002751E3 /* SkillVocApp.swift */ = {isa = PBXFileReference; lastKnownFileType = sourcecode.swift; path = SkillVocApp.swift; sourceTree = "<group>"; };
		FA8747023011C857002751E3 /* SplashView.swift */ = {isa = PBXFileReference; lastKnownFileType = sourcecode.swift; path = SplashView.swift; sourceTree = "<group>"; };
		FA8747043011C857002751E3 /* CulinaryMemoryCardView.swift */ = {isa = PBXFileReference; lastKnownFileType = sourcecode.swift; path = CulinaryMemoryCardView.swift; sourceTree = "<group>"; };
		FA8747063011C857002751E3 /* FashionSewingView.swift */ = {isa = PBXFileReference; lastKnownFileType = sourcecode.swift; path = FashionSewingView.swift; sourceTree = "<group>"; };
		FA8747093011C857002751E3 /* PitstopView.swift */ = {isa = PBXFileReference; lastKnownFileType = sourcecode.swift; path = PitstopView.swift; sourceTree = "<group>"; };
		FA87470B3011C857002751E3 /* RotateTheRouteView.swift */ = {isa = PBXFileReference; lastKnownFileType = sourcecode.swift; path = RotateTheRouteView.swift; sourceTree = "<group>"; };
		FA87470D3011C857002751E3 /* VoltQuestView.swift */ = {isa = PBXFileReference; lastKnownFileType = sourcecode.swift; path = VoltQuestView.swift; sourceTree = "<group>"; };
		FA8747113011C857002751E3 /* Assets.xcassets */ = {isa = PBXFileReference; lastKnownFileType = folder.assetcatalog; path = Assets.xcassets; sourceTree = "<group>"; };
		FA8747123011C857002751E3 /* bgmusic.mp3 */ = {isa = PBXFileReference; lastKnownFileType = audio.mp3; path = bgmusic.mp3; sourceTree = "<group>"; };
		FA8747133011C857002751E3 /* collect.mp3 */ = {isa = PBXFileReference; lastKnownFileType = audio.mp3; path = collect.mp3; sourceTree = "<group>"; };
		FA8747143011C857002751E3 /* flip.mp3 */ = {isa = PBXFileReference; lastKnownFileType = audio.mp3; path = flip.mp3; sourceTree = "<group>"; };
		FA8747153011C857002751E3 /* SkillVoc Not Working.xcodeproj */ = {isa = PBXFileReference; lastKnownFileType = "wrapper.pb-project"; path = "SkillVoc Not Working.xcodeproj"; sourceTree = "<group>"; };
		FA8747163011C857002751E3 /* SkillVoc Not Working 2.xcodeproj */ = {isa = PBXFileReference; lastKnownFileType = "wrapper.pb-project"; path = "SkillVoc Not Working 2.xcodeproj"; sourceTree = "<group>"; };
		FA8747173011C857002751E3 /* swap.mp3 */ = {isa = PBXFileReference; lastKnownFileType = audio.mp3; path = swap.mp3; sourceTree = "<group>"; };
		FA8747183011C857002751E3 /* win.mp3 */ = {isa = PBXFileReference; lastKnownFileType = audio.mp3; path = win.mp3; sourceTree = "<group>"; };
		FA8747193011C857002751E3 /* win 2.mp3 */ = {isa = PBXFileReference; lastKnownFileType = audio.mp3; path = "win 2.mp3"; sourceTree = "<group>"; };
		FA87471A3011C857002751E3 /* wrong.mp3 */ = {isa = PBXFileReference; lastKnownFileType = audio.mp3; path = wrong.mp3; sourceTree = "<group>"; };
		FA87471B3011C857002751E3 /* wrong 2.mp3 */ = {isa = PBXFileReference; lastKnownFileType = audio.mp3; path = "wrong 2.mp3"; sourceTree = "<group>"; };
		FAD4FDA73004A2D9000C5610 /* GoogleService-Info.plist */ = {isa = PBXFileReference; lastKnownFileType = text.plist.xml; path = "GoogleService-Info.plist"; sourceTree = "<group>"; };
/* End PBXFileReference section */

/* Begin PBXFrameworksBuildPhase section */
		FA3D248D2FD1391C00C8FB76 /* Frameworks */ = {
			isa = PBXFrameworksBuildPhase;
			buildActionMask = 2147483647;
			files = (
				FAD4FDAB3004A41C000C5610 /* FirebaseAuth in Frameworks */,
				FAD4FDAD3004A41C000C5610 /* FirebaseFirestore in Frameworks */,
			);
			runOnlyForDeploymentPostprocessing = 0;
		};
/* End PBXFrameworksBuildPhase section */

/* Begin PBXGroup section */
		FA3D24872FD1391C00C8FB76 = {
			isa = PBXGroup;
			children = (
				FA87471C3011C857002751E3 /* SkillVoc Not Working */,
				FA026B5A2FD6686100936F09 /* SkillVoc.app */,
				FAD4FDA73004A2D9000C5610 /* GoogleService-Info.plist */,
			);
			sourceTree = "<group>";
		};
		FA8746F43011C857002751E3 /* Componets */ = {
			isa = PBXGroup;
			children = (
				FA8746F33011C857002751E3 /* AppColors.swift */,
			);
			path = Componets;
			sourceTree = "<group>";
		};
		FA8746F53011C857002751E3 /* DummyData */ = {
			isa = PBXGroup;
			children = (
			);
			path = DummyData;
			sourceTree = "<group>";
		};
		FA8746F63011C857002751E3 /* Models */ = {
			isa = PBXGroup;
			children = (
			);
			path = Models;
			sourceTree = "<group>";
		};
		FA8747033011C857002751E3 /* App */ = {
			isa = PBXGroup;
			children = (
				FA8746F73011C857002751E3 /* AppState.swift */,
				FA8746F93011C857002751E3 /* GamesView.swift */,
				FA8746FA3011C857002751E3 /* HomeView.swift */,
				FA8746FB3011C857002751E3 /* LoginView.swift */,
				FA8746FC3011C857002751E3 /* MainTabView.swift */,
				FA8746FD3011C857002751E3 /* ModulesView.swift */,
				FA8746FF3011C857002751E3 /* SettingsView.swift */,
				FA8747003011C857002751E3 /* SignUpView.swift */,
				FA8747013011C857002751E3 /* SkillVocApp.swift */,
				FA8747023011C857002751E3 /* SplashView.swift */,
			);
			path = App;
			sourceTree = "<group>";
		};
		FA8747053011C857002751E3 /* CulinaryCard */ = {
			isa = PBXGroup;
			children = (
				FA8747043011C857002751E3 /* CulinaryMemoryCardView.swift */,
			);
			path = CulinaryCard;
			sourceTree = "<group>";
		};
		FA8747073011C857002751E3 /* FashionSewing */ = {
			isa = PBXGroup;
			children = (
				FA8747063011C857002751E3 /* FashionSewingView.swift */,
			);
			path = FashionSewing;
			sourceTree = "<group>";
		};
		FA8747083011C857002751E3 /* NetIsolator */ = {
			isa = PBXGroup;
			children = (
			);
			path = NetIsolator;
			sourceTree = "<group>";
		};
		FA87470A3011C857002751E3 /* PitStop */ = {
			isa = PBXGroup;
			children = (
				FA8747093011C857002751E3 /* PitstopView.swift */,
			);
			path = PitStop;
			sourceTree = "<group>";
		};
		FA87470C3011C857002751E3 /* RotateTheRoute */ = {
			isa = PBXGroup;
			children = (
				FA87470B3011C857002751E3 /* RotateTheRouteView.swift */,
			);
			path = RotateTheRoute;
			sourceTree = "<group>";
		};
		FA87470E3011C857002751E3 /* VoltQuest */ = {
			isa = PBXGroup;
			children = (
				FA87470D3011C857002751E3 /* VoltQuestView.swift */,
			);
			path = VoltQuest;
			sourceTree = "<group>";
		};
		FA87470F3011C857002751E3 /* Games */ = {
			isa = PBXGroup;
			children = (
				FA8747053011C857002751E3 /* CulinaryCard */,
				FA8747073011C857002751E3 /* FashionSewing */,
				FA8747083011C857002751E3 /* NetIsolator */,
				FA87470A3011C857002751E3 /* PitStop */,
				FA87470C3011C857002751E3 /* RotateTheRoute */,
				FA87470E3011C857002751E3 /* VoltQuest */,
			);
			path = Games;
			sourceTree = "<group>";
		};
		FA8747103011C857002751E3 /* Pages */ = {
			isa = PBXGroup;
			children = (
				FA8747033011C857002751E3 /* App */,
				FA87470F3011C857002751E3 /* Games */,
			);
			path = Pages;
			sourceTree = "<group>";
		};
		FA87471C3011C857002751E3 /* SkillVoc Not Working */ = {
			isa = PBXGroup;
			children = (
				FA8746F43011C857002751E3 /* Componets */,
				FA8746F53011C857002751E3 /* DummyData */,
				FA8746F63011C857002751E3 /* Models */,
				FA8747103011C857002751E3 /* Pages */,
				FA8747113011C857002751E3 /* Assets.xcassets */,
				FA8747123011C857002751E3 /* bgmusic.mp3 */,
				FA8747133011C857002751E3 /* collect.mp3 */,
				FA8747143011C857002751E3 /* flip.mp3 */,
				FA8747153011C857002751E3 /* SkillVoc Not Working.xcodeproj */,
				FA8747163011C857002751E3 /* SkillVoc Not Working 2.xcodeproj */,
				FA8747173011C857002751E3 /* swap.mp3 */,
				FA8747183011C857002751E3 /* win.mp3 */,
				FA8747193011C857002751E3 /* win 2.mp3 */,
				FA87471A3011C857002751E3 /* wrong.mp3 */,
				FA87471B3011C857002751E3 /* wrong 2.mp3 */,
			);
			path = "SkillVoc Not Working";
			sourceTree = "<group>";
		};
		FA87471D3011C857002751E3 /* Products */ = {
			isa = PBXGroup;
			children = (
			);
			name = Products;
			sourceTree = "<group>";
		};
		FA87471F3011C857002751E3 /* Products */ = {
			isa = PBXGroup;
			children = (
			);
			name = Products;
			sourceTree = "<group>";
		};
/* End PBXGroup section */

/* Begin PBXNativeTarget section */
		FA3D248F2FD1391C00C8FB76 /* SkillVoc */ = {
			isa = PBXNativeTarget;
			buildConfigurationList = FA3D249B2FD1391D00C8FB76 /* Build configuration list for PBXNativeTarget "SkillVoc" */;
			buildPhases = (
				FA3D248C2FD1391C00C8FB76 /* Sources */,
				FA3D248D2FD1391C00C8FB76 /* Frameworks */,
				FA3D248E2FD1391C00C8FB76 /* Resources */,
			);
			buildRules = (
			);
			dependencies = (
				FAC7DE6D3004D4AB00712A73 /* PBXTargetDependency */,
				FAC7DE6B3004D4A100712A73 /* PBXTargetDependency */,
			);
			name = SkillVoc;
			packageProductDependencies = (
				FAD4FDAA3004A41C000C5610 /* FirebaseAuth */,
				FAD4FDAC3004A41C000C5610 /* FirebaseFirestore */,
			);
			productName = SkillVoc;
			productReference = FA026B5A2FD6686100936F09 /* SkillVoc.app */;
			productType = "com.apple.product-type.application";
		};
/* End PBXNativeTarget section */

/* Begin PBXProject section */
		FA3D24882FD1391C00C8FB76 /* Project object */ = {
			isa = PBXProject;
			attributes = {
				BuildIndependentTargetsInParallel = 1;
				LastSwiftUpdateCheck = 2610;
				LastUpgradeCheck = 2610;
				TargetAttributes = {
					FA3D248F2FD1391C00C8FB76 = {
						CreatedOnToolsVersion = 26.1;
					};
				};
			};
			buildConfigurationList = FA3D248B2FD1391C00C8FB76 /* Build configuration list for PBXProject "SkillVoc Not Working" */;
			developmentRegion = en;
			hasScannedForEncodings = 0;
			knownRegions = (
				en,
				Base,
			);
			mainGroup = FA3D24872FD1391C00C8FB76;
			minimizedProjectReferenceProxies = 1;
			packageReferences = (
				FAD4FDA93004A41C000C5610 /* XCRemoteSwiftPackageReference "firebase-ios-sdk" */,
			);
			preferredProjectObjectVersion = 77;
			productRefGroup = FA3D24872FD1391C00C8FB76;
			projectDirPath = "";
			projectReferences = (
				{
					ProductGroup = FA87471D3011C857002751E3 /* Products */;
					ProjectRef = FA8747163011C857002751E3 /* SkillVoc Not Working 2.xcodeproj */;
				},
				{
					ProductGroup = FA87471F3011C857002751E3 /* Products */;
					ProjectRef = FA8747153011C857002751E3 /* SkillVoc Not Working.xcodeproj */;
				},
			);
			projectRoot = "";
			targets = (
				FA3D248F2FD1391C00C8FB76 /* SkillVoc */,
			);
		};
/* End PBXProject section */

/* Begin PBXResourcesBuildPhase section */
		FA3D248E2FD1391C00C8FB76 /* Resources */ = {
			isa = PBXResourcesBuildPhase;
			buildActionMask = 2147483647;
			files = (
				FA8747213011C857002751E3 /* bgmusic.mp3 in Resources */,
				FA8747223011C857002751E3 /* wrong 2.mp3 in Resources */,
				FA8747233011C857002751E3 /* swap.mp3 in Resources */,
				FA8747243011C857002751E3 /* Assets.xcassets in Resources */,
				FA8747253011C857002751E3 /* wrong.mp3 in Resources */,
				FA8747263011C857002751E3 /* win.mp3 in Resources */,
				FA8747273011C857002751E3 /* win 2.mp3 in Resources */,
				FA8747283011C857002751E3 /* collect.mp3 in Resources */,
				FA8747293011C857002751E3 /* flip.mp3 in Resources */,
				FAD4FDA83004A2D9000C5610 /* GoogleService-Info.plist in Resources */,
			);
			runOnlyForDeploymentPostprocessing = 0;
		};
/* End PBXResourcesBuildPhase section */

/* Begin PBXSourcesBuildPhase section */
		FA3D248C2FD1391C00C8FB76 /* Sources */ = {
			isa = PBXSourcesBuildPhase;
			buildActionMask = 2147483647;
			files = (
				FA87472A3011C857002751E3 /* AppColors.swift in Sources */,
				FA87472B3011C857002751E3 /* PitstopView.swift in Sources */,
				FA87472C3011C857002751E3 /* LoginView.swift in Sources */,
				FA87472D3011C857002751E3 /* FashionSewingView.swift in Sources */,
				FA87472E3011C857002751E3 /* RotateTheRouteView.swift in Sources */,
				FA87472F3011C857002751E3 /* VoltQuestView.swift in Sources */,
				FA8747303011C857002751E3 /* SignUpView.swift in Sources */,
				FA8747313011C857002751E3 /* SplashView.swift in Sources */,
				FA8747343011C857002751E3 /* AppState.swift in Sources */,
				FA8747353011C857002751E3 /* ModulesView.swift in Sources */,
				FA8747363011C857002751E3 /* HomeView.swift in Sources */,
				FA8747373011C857002751E3 /* MainTabView.swift in Sources */,
				FA8747383011C857002751E3 /* SettingsView.swift in Sources */,
				FA8747393011C857002751E3 /* SkillVocApp.swift in Sources */,
				FA87473A3011C857002751E3 /* CulinaryMemoryCardView.swift in Sources */,
				FA87473B3011C857002751E3 /* GamesView.swift in Sources */,
			);
			runOnlyForDeploymentPostprocessing = 0;
		};
/* End PBXSourcesBuildPhase section */

/* Begin PBXTargetDependency section */
		FAC7DE6B3004D4A100712A73 /* PBXTargetDependency */ = {
			isa = PBXTargetDependency;
			productRef = FAC7DE6A3004D4A100712A73 /* FirebaseAuth */;
		};
		FAC7DE6D3004D4AB00712A73 /* PBXTargetDependency */ = {
			isa = PBXTargetDependency;
			productRef = FAC7DE6C3004D4AB00712A73 /* FirebaseFirestore */;
		};
/* End PBXTargetDependency section */

/* Begin XCBuildConfiguration section */
		FA3D24992FD1391D00C8FB76 /* Debug */ = {
			isa = XCBuildConfiguration;
			buildSettings = {
				ALWAYS_SEARCH_USER_PATHS = NO;
				ASSETCATALOG_COMPILER_GENERATE_SWIFT_ASSET_SYMBOL_EXTENSIONS = YES;
				CLANG_ANALYZER_NONNULL = YES;
				CLANG_ANALYZER_NUMBER_OBJECT_CONVERSION = YES_AGGRESSIVE;
				CLANG_CXX_LANGUAGE_STANDARD = "gnu++20";
				CLANG_ENABLE_MODULES = YES;
				CLANG_ENABLE_OBJC_ARC = YES;
				CLANG_ENABLE_OBJC_WEAK = YES;
				CLANG_WARN_BLOCK_CAPTURE_AUTORELEASING = YES;
				CLANG_WARN_BOOL_CONVERSION = YES;
				CLANG_WARN_COMMA = YES;
				CLANG_WARN_CONSTANT_CONVERSION = YES;
				CLANG_WARN_DEPRECATED_OBJC_IMPLEMENTATIONS = YES;
				CLANG_WARN_DIRECT_OBJC_ISA_USAGE = YES_ERROR;
				CLANG_WARN_DOCUMENTATION_COMMENTS = YES;
				CLANG_WARN_EMPTY_BODY = YES;
				CLANG_WARN_ENUM_CONVERSION = YES;
				CLANG_WARN_INFINITE_RECURSION = YES;
				CLANG_WARN_INT_CONVERSION = YES;
				CLANG_WARN_NON_LITERAL_NULL_CONVERSION = YES;
				CLANG_WARN_OBJC_IMPLICIT_RETAIN_SELF = YES;
				CLANG_WARN_OBJC_LITERAL_CONVERSION = YES;
				CLANG_WARN_OBJC_ROOT_CLASS = YES_ERROR;
				CLANG_WARN_QUOTED_INCLUDE_IN_FRAMEWORK_HEADER = YES;
				CLANG_WARN_RANGE_LOOP_ANALYSIS = YES;
				CLANG_WARN_STRICT_PROTOTYPES = YES;
				CLANG_WARN_SUSPICIOUS_MOVE = YES;
				CLANG_WARN_UNGUARDED_AVAILABILITY = YES_AGGRESSIVE;
				CLANG_WARN_UNREACHABLE_CODE = YES;
				CLANG_WARN__DUPLICATE_METHOD_MATCH = YES;
				COPY_PHASE_STRIP = NO;
				DEBUG_INFORMATION_FORMAT = dwarf;
				DEVELOPMENT_TEAM = 7A6SWV6ZY9;
				ENABLE_STRICT_OBJC_MSGSEND = YES;
				ENABLE_TESTABILITY = YES;
				ENABLE_USER_SCRIPT_SANDBOXING = YES;
				GCC_C_LANGUAGE_STANDARD = gnu17;
				GCC_DYNAMIC_NO_PIC = NO;
				GCC_NO_COMMON_BLOCKS = YES;
				GCC_OPTIMIZATION_LEVEL = 0;
				GCC_PREPROCESSOR_DEFINITIONS = (
					"DEBUG=1",
					"$(inherited)",
				);
				GCC_WARN_64_TO_32_BIT_CONVERSION = YES;
				GCC_WARN_ABOUT_RETURN_TYPE = YES_ERROR;
				GCC_WARN_UNDECLARED_SELECTOR = YES;
				GCC_WARN_UNINITIALIZED_AUTOS = YES_AGGRESSIVE;
				GCC_WARN_UNUSED_FUNCTION = YES;
				GCC_WARN_UNUSED_VARIABLE = YES;
				IPHONEOS_DEPLOYMENT_TARGET = 26.1;
				LOCALIZATION_PREFERS_STRING_CATALOGS = YES;
				MTL_ENABLE_DEBUG_INFO = INCLUDE_SOURCE;
				MTL_FAST_MATH = YES;
				ONLY_ACTIVE_ARCH = YES;
				SDKROOT = iphoneos;
				SWIFT_ACTIVE_COMPILATION_CONDITIONS = "DEBUG $(inherited)";
				SWIFT_OPTIMIZATION_LEVEL = "-Onone";
			};
			name = Debug;
		};
		FA3D249A2FD1391D00C8FB76 /* Release */ = {
			isa = XCBuildConfiguration;
			buildSettings = {
				ALWAYS_SEARCH_USER_PATHS = NO;
				ASSETCATALOG_COMPILER_GENERATE_SWIFT_ASSET_SYMBOL_EXTENSIONS = YES;
				CLANG_ANALYZER_NONNULL = YES;
				CLANG_ANALYZER_NUMBER_OBJECT_CONVERSION = YES_AGGRESSIVE;
				CLANG_CXX_LANGUAGE_STANDARD = "gnu++20";
				CLANG_ENABLE_MODULES = YES;
				CLANG_ENABLE_OBJC_ARC = YES;
				CLANG_ENABLE_OBJC_WEAK = YES;
				CLANG_WARN_BLOCK_CAPTURE_AUTORELEASING = YES;
				CLANG_WARN_BOOL_CONVERSION = YES;
				CLANG_WARN_COMMA = YES;
				CLANG_WARN_CONSTANT_CONVERSION = YES;
				CLANG_WARN_DEPRECATED_OBJC_IMPLEMENTATIONS = YES;
				CLANG_WARN_DIRECT_OBJC_ISA_USAGE = YES_ERROR;
				CLANG_WARN_DOCUMENTATION_COMMENTS = YES;
				CLANG_WARN_EMPTY_BODY = YES;
				CLANG_WARN_ENUM_CONVERSION = YES;
				CLANG_WARN_INFINITE_RECURSION = YES;
				CLANG_WARN_INT_CONVERSION = YES;
				CLANG_WARN_NON_LITERAL_NULL_CONVERSION = YES;
				CLANG_WARN_OBJC_IMPLICIT_RETAIN_SELF = YES;
				CLANG_WARN_OBJC_LITERAL_CONVERSION = YES;
				CLANG_WARN_OBJC_ROOT_CLASS = YES_ERROR;
				CLANG_WARN_QUOTED_INCLUDE_IN_FRAMEWORK_HEADER = YES;
				CLANG_WARN_RANGE_LOOP_ANALYSIS = YES;
				CLANG_WARN_STRICT_PROTOTYPES = YES;
				CLANG_WARN_SUSPICIOUS_MOVE = YES;
				CLANG_WARN_UNGUARDED_AVAILABILITY = YES_AGGRESSIVE;
				CLANG_WARN_UNREACHABLE_CODE = YES;
				CLANG_WARN__DUPLICATE_METHOD_MATCH = YES;
				COPY_PHASE_STRIP = NO;
				DEBUG_INFORMATION_FORMAT = "dwarf-with-dsym";
				DEVELOPMENT_TEAM = 7A6SWV6ZY9;
				ENABLE_NS_ASSERTIONS = NO;
				ENABLE_STRICT_OBJC_MSGSEND = YES;
				ENABLE_USER_SCRIPT_SANDBOXING = YES;
				GCC_C_LANGUAGE_STANDARD = gnu17;
				GCC_NO_COMMON_BLOCKS = YES;
				GCC_WARN_64_TO_32_BIT_CONVERSION = YES;
				GCC_WARN_ABOUT_RETURN_TYPE = YES_ERROR;
				GCC_WARN_UNDECLARED_SELECTOR = YES;
				GCC_WARN_UNINITIALIZED_AUTOS = YES_AGGRESSIVE;
				GCC_WARN_UNUSED_FUNCTION = YES;
				GCC_WARN_UNUSED_VARIABLE = YES;
				IPHONEOS_DEPLOYMENT_TARGET = 26.1;
				LOCALIZATION_PREFERS_STRING_CATALOGS = YES;
				MTL_ENABLE_DEBUG_INFO = NO;
				MTL_FAST_MATH = YES;
				SDKROOT = iphoneos;
				SWIFT_COMPILATION_MODE = wholemodule;
				VALIDATE_PRODUCT = YES;
			};
			name = Release;
		};
		FA3D249C2FD1391D00C8FB76 /* Debug */ = {
			isa = XCBuildConfiguration;
			buildSettings = {
				ASSETCATALOG_COMPILER_APPICON_NAME = AppIcon;
				ASSETCATALOG_COMPILER_GLOBAL_ACCENT_COLOR_NAME = AccentColor;
				CODE_SIGN_STYLE = Automatic;
				CURRENT_PROJECT_VERSION = 1;
				DEVELOPMENT_TEAM = 7A6SWV6ZY9;
				ENABLE_PREVIEWS = YES;
				GENERATE_INFOPLIST_FILE = YES;
				INFOPLIST_KEY_CFBundleDisplayName = Skillvoc;
				INFOPLIST_KEY_UIApplicationSceneManifest_Generation = YES;
				INFOPLIST_KEY_UIApplicationSupportsIndirectInputEvents = YES;
				INFOPLIST_KEY_UILaunchScreen_Generation = YES;
				INFOPLIST_KEY_UISupportedInterfaceOrientations_iPad = "UIInterfaceOrientationPortrait UIInterfaceOrientationPortraitUpsideDown UIInterfaceOrientationLandscapeLeft UIInterfaceOrientationLandscapeRight";
				INFOPLIST_KEY_UISupportedInterfaceOrientations_iPhone = "UIInterfaceOrientationPortrait UIInterfaceOrientationLandscapeLeft UIInterfaceOrientationLandscapeRight";
				LD_RUNPATH_SEARCH_PATHS = (
					"$(inherited)",
					"@executable_path/Frameworks",
				);
				MARKETING_VERSION = 1.0;
				PRODUCT_BUNDLE_IDENTIFIER = com.stdc.SkillVoc;
				PRODUCT_NAME = "$(TARGET_NAME)";
				STRING_CATALOG_GENERATE_SYMBOLS = YES;
				SWIFT_APPROACHABLE_CONCURRENCY = YES;
				SWIFT_DEFAULT_ACTOR_ISOLATION = MainActor;
				SWIFT_EMIT_LOC_STRINGS = YES;
				SWIFT_UPCOMING_FEATURE_MEMBER_IMPORT_VISIBILITY = YES;
				SWIFT_VERSION = 5.0;
				TARGETED_DEVICE_FAMILY = "1,2";
			};
			name = Debug;
		};
		FA3D249D2FD1391D00C8FB76 /* Release */ = {
			isa = XCBuildConfiguration;
			buildSettings = {
				ASSETCATALOG_COMPILER_APPICON_NAME = AppIcon;
				ASSETCATALOG_COMPILER_GLOBAL_ACCENT_COLOR_NAME = AccentColor;
				CODE_SIGN_STYLE = Automatic;
				CURRENT_PROJECT_VERSION = 1;
				DEVELOPMENT_TEAM = 7A6SWV6ZY9;
				ENABLE_PREVIEWS = YES;
				GENERATE_INFOPLIST_FILE = YES;
				INFOPLIST_KEY_CFBundleDisplayName = Skillvoc;
				INFOPLIST_KEY_UIApplicationSceneManifest_Generation = YES;
				INFOPLIST_KEY_UIApplicationSupportsIndirectInputEvents = YES;
				INFOPLIST_KEY_UILaunchScreen_Generation = YES;
				INFOPLIST_KEY_UISupportedInterfaceOrientations_iPad = "UIInterfaceOrientationPortrait UIInterfaceOrientationPortraitUpsideDown UIInterfaceOrientationLandscapeLeft UIInterfaceOrientationLandscapeRight";
				INFOPLIST_KEY_UISupportedInterfaceOrientations_iPhone = "UIInterfaceOrientationPortrait UIInterfaceOrientationLandscapeLeft UIInterfaceOrientationLandscapeRight";
				LD_RUNPATH_SEARCH_PATHS = (
					"$(inherited)",
					"@executable_path/Frameworks",
				);
				MARKETING_VERSION = 1.0;
				PRODUCT_BUNDLE_IDENTIFIER = com.stdc.SkillVoc;
				PRODUCT_NAME = "$(TARGET_NAME)";
				STRING_CATALOG_GENERATE_SYMBOLS = YES;
				SWIFT_APPROACHABLE_CONCURRENCY = YES;
				SWIFT_DEFAULT_ACTOR_ISOLATION = MainActor;
				SWIFT_EMIT_LOC_STRINGS = YES;
				SWIFT_UPCOMING_FEATURE_MEMBER_IMPORT_VISIBILITY = YES;
				SWIFT_VERSION = 5.0;
				TARGETED_DEVICE_FAMILY = "1,2";
			};
			name = Release;
		};
/* End XCBuildConfiguration section */

/* Begin XCConfigurationList section */
		FA3D248B2FD1391C00C8FB76 /* Build configuration list for PBXProject "SkillVoc Not Working" */ = {
			isa = XCConfigurationList;
			buildConfigurations = (
				FA3D24992FD1391D00C8FB76 /* Debug */,
				FA3D249A2FD1391D00C8FB76 /* Release */,
			);
			defaultConfigurationIsVisible = 0;
			defaultConfigurationName = Release;
		};
		FA3D249B2FD1391D00C8FB76 /* Build configuration list for PBXNativeTarget "SkillVoc" */ = {
			isa = XCConfigurationList;
			buildConfigurations = (
				FA3D249C2FD1391D00C8FB76 /* Debug */,
				FA3D249D2FD1391D00C8FB76 /* Release */,
			);
			defaultConfigurationIsVisible = 0;
			defaultConfigurationName = Release;
		};
/* End XCConfigurationList section */

/* Begin XCRemoteSwiftPackageReference section */
		FAD4FDA93004A41C000C5610 /* XCRemoteSwiftPackageReference "firebase-ios-sdk" */ = {
			isa = XCRemoteSwiftPackageReference;
			repositoryURL = "https://github.com/firebase/firebase-ios-sdk";
			requirement = {
				kind = upToNextMajorVersion;
				minimumVersion = 12.16.0;
			};
		};
/* End XCRemoteSwiftPackageReference section */

/* Begin XCSwiftPackageProductDependency section */
		FAC7DE6A3004D4A100712A73 /* FirebaseAuth */ = {
			isa = XCSwiftPackageProductDependency;
			package = FAD4FDA93004A41C000C5610 /* XCRemoteSwiftPackageReference "firebase-ios-sdk" */;
			productName = FirebaseAuth;
		};
		FAC7DE6C3004D4AB00712A73 /* FirebaseFirestore */ = {
			isa = XCSwiftPackageProductDependency;
			package = FAD4FDA93004A41C000C5610 /* XCRemoteSwiftPackageReference "firebase-ios-sdk" */;
			productName = FirebaseFirestore;
		};
		FAD4FDAA3004A41C000C5610 /* FirebaseAuth */ = {
			isa = XCSwiftPackageProductDependency;
			package = FAD4FDA93004A41C000C5610 /* XCRemoteSwiftPackageReference "firebase-ios-sdk" */;
			productName = FirebaseAuth;
		};
		FAD4FDAC3004A41C000C5610 /* FirebaseFirestore */ = {
			isa = XCSwiftPackageProductDependency;
			package = FAD4FDA93004A41C000C5610 /* XCRemoteSwiftPackageReference "firebase-ios-sdk" */;
			productName = FirebaseFirestore;
		};
/* End XCSwiftPackageProductDependency section */
	};
	rootObject = FA3D24882FD1391C00C8FB76 /* Project object */;
}
